
Microsoft Visual Studio Solution File, Format Version 12.00
# Visual Studio 2013
VisualStudioVersion = 12.0.21005.1
MinimumVisualStudioVersion = 10.0.40219.1
Project("{FAE04EC0-301F-11D3-BF4B-00C04F79EFBC}") = "ForSum", "ForSum\ForSum.csproj", "{A032BD5B-4CE2-4D36-A37B-7DE129E9F185}"
EndProject
Global
	GlobalSection(SolutionConfigurationPlatforms) = preSolution
		Debug|Any CPU = Debug|Any CPU
		Release|Any CPU = Release|Any CPU
	EndGlobalSection
	GlobalSection(ProjectConfigurationPlatforms) = postSolution
		{A032BD5B-4CE2-4D36-A37B-7DE129E9F185}.Debug|Any CPU.ActiveCfg = Debug|Any CPU
		{A032BD5B-4CE2-4D36-A37B-7DE129E9F185}.Debug|Any CPU.Build.0 = Debug|Any CPU
		{A032BD5B-4CE2-4D36-A37B-7DE129E9F185}.Release|Any CPU.ActiveCfg = Release|Any CPU
		{A032BD5B-4CE2-4D36-A37B-7DE129E9F185}.Release|Any CPU.Build.0 = Release|Any CPU
	EndGlobalSection
	GlobalSection(SolutionProperties) = preSolution
		HideSolutionNode = FALSE
	EndGlobalSection
EndGlobal
